// !$*UTF8*$!
{
	archiveVersion = 1;
	classes = {
	};
	objectVersion = 46;
	objects = {

/* Begin PBXBuildFile section */
		6864A4971CF21D08003F4160 /* AppDelegate.swift in Sources */ = {isa = PBXBuildFile; fileRef = 6864A4961CF21D08003F4160 /* AppDelegate.swift */; };
		6864A4991CF21D08003F4160 /* MasterViewController.swift in Sources */ = {isa = PBXBuildFile; fileRef = 6864A4981CF21D08003F4160 /* MasterViewController.swift */; };
		6864A49C1CF21D08003F4160 /* Main.storyboard in Resources */ = {isa = PBXBuildFile; fileRef = 6864A49A1CF21D08003F4160 /* Main.storyboard */; settings = {ASSET_TAGS = ("\U001b", ); }; };
		6864A49F1CF21D08003F4160 /* nasaPOD.xcdatamodeld in Sources */ = {isa = PBXBuildFile; fileRef = 6864A49D1CF21D08003F4160 /* nasaPOD.xcdatamodeld */; };
		6864A4A11CF21D08003F4160 /* Assets.xcassets in Resources */ = {isa = PBXBuildFile; fileRef = 6864A4A01CF21D08003F4160 /* Assets.xcassets */; };
		6864A4A41CF21D08003F4160 /* LaunchScreen.storyboard in Resources */ = {isa = PBXBuildFile; fileRef = 6864A4A21CF21D08003F4160 /* LaunchScreen.storyboard */; };
		6864A4AF1CF21D08003F4160 /* nasaPODTests.swift in Sources */ = {isa = PBXBuildFile; fileRef = 6864A4AE1CF21D08003F4160 /* nasaPODTests.swift */; };
		6864A4BA1CF21D08003F4160 /* nasaPODUITests.swift in Sources */ = {isa = PBXBuildFile; fileRef = 6864A4B91CF21D08003F4160 /* nasaPODUITests.swift */; };
		6864A4D31CF222E7003F4160 /* NetworkClient.swift in Sources */ = {isa = PBXBuildFile; fileRef = 6864A4D21CF222E7003F4160 /* NetworkClient.swift */; };
		6864A4D51CF22920003F4160 /* PhotoCollectionViewCell.swift in Sources */ = {isa = PBXBuildFile; fileRef = 6864A4D41CF22920003F4160 /* PhotoCollectionViewCell.swift */; };
		6887E8E31CF4A6990020BDF9 /* Photo.swift in Sources */ = {isa = PBXBuildFile; fileRef = 6887E8E21CF4A6990020BDF9 /* Photo.swift */; };
		689A7B5F1CF4CA3900DC8301 /* nasaApiRequest.swift in Sources */ = {isa = PBXBuildFile; fileRef = 689A7B5E1CF4CA3900DC8301 /* nasaApiRequest.swift */; };
		689A7B611CF4CCB500DC8301 /* nasaAPI.plist in Resources */ = {isa = PBXBuildFile; fileRef = 689A7B601CF4CCB500DC8301 /* nasaAPI.plist */; };
		689A7B631CF5EF6C00DC8301 /* DetailViewController.swift in Sources */ = {isa = PBXBuildFile; fileRef = 689A7B621CF5EF6C00DC8301 /* DetailViewController.swift */; };
		689A7B651CF5FF8100DC8301 /* VideoCollectionViewCell.swift in Sources */ = {isa = PBXBuildFile; fileRef = 689A7B641CF5FF8100DC8301 /* VideoCollectionViewCell.swift */; };
/* End PBXBuildFile section */

/* Begin PBXContainerItemProxy section */
		6864A4AB1CF21D08003F4160 /* PBXContainerItemProxy */ = {
			isa = PBXContainerItemProxy;
			containerPortal = 6864A48B1CF21D08003F4160 /* Project object */;
			proxyType = 1;
			remoteGlobalIDString = 6864A4921CF21D08003F4160;
			remoteInfo = nasaPOD;
		};
		6864A4B61CF21D08003F4160 /* PBXContainerItemProxy */ = {
			isa = PBXContainerItemProxy;
			containerPortal = 6864A48B1CF21D08003F4160 /* Project object */;
			proxyType = 1;
			remoteGlobalIDString = 6864A4921CF21D08003F4160;
			remoteInfo = nasaPOD;
		};
/* End PBXContainerItemProxy section */

/* Begin PBXFileReference section */
		6864A4931CF21D08003F4160 /* nasaPOD.app */ = {isa = PBXFileReference; explicitFileType = wrapper.application; includeInIndex = 0; path = nasaPOD.app; sourceTree = BUILT_PRODUCTS_DIR; };
		6864A4961CF21D08003F4160 /* AppDelegate.swift */ = {isa = PBXFileReference; lastKnownFileType = sourcecode.swift; path = AppDelegate.swift; sourceTree = "<group>"; };
		6864A4981CF21D08003F4160 /* MasterViewController.swift */ = {isa = PBXFileReference; lastKnownFileType = sourcecode.swift; path = MasterViewController.swift; sourceTree = "<group>"; };
		6864A49B1CF21D08003F4160 /* Base */ = {isa = PBXFileReference; lastKnownFileType = file.storyboard; name = Base; path = Base.lproj/Main.storyboard; sourceTree = "<group>"; };
		6864A49E1CF21D08003F4160 /* nasaPOD.xcdatamodel */ = {isa = PBXFileReference; lastKnownFileType = wrapper.xcdatamodel; path = nasaPOD.xcdatamodel; sourceTree = "<group>"; };
		6864A4A01CF21D08003F4160 /* Assets.xcassets */ = {isa = PBXFileReference; lastKnownFileType = folder.assetcatalog; path = Assets.xcassets; sourceTree = "<group>"; };
		6864A4A31CF21D08003F4160 /* Base */ = {isa = PBXFileReference; lastKnownFileType = file.storyboard; name = Base; path = Base.lproj/LaunchScreen.storyboard; sourceTree = "<group>"; };
		6864A4A51CF21D08003F4160 /* Info.plist */ = {isa = PBXFileReference; lastKnownFileType = text.plist.xml; path = Info.plist; sourceTree = "<group>"; };
		6864A4AA1CF21D08003F4160 /* nasaPODTests.xctest */ = {isa = PBXFileReference; explicitFileType = wrapper.cfbundle; includeInIndex = 0; path = nasaPODTests.xctest; sourceTree = BUILT_PRODUCTS_DIR; };
		6864A4AE1CF21D08003F4160 /* nasaPODTests.swift */ = {isa = PBXFileReference; lastKnownFileType = sourcecode.swift; path = nasaPODTests.swift; sourceTree = "<group>"; };
		6864A4B01CF21D08003F4160 /* Info.plist */ = {isa = PBXFileReference; lastKnownFileType = text.plist.xml; path = Info.plist; sourceTree = "<group>"; };
		6864A4B51CF21D08003F4160 /* nasaPODUITests.xctest */ = {isa = PBXFileReference; explicitFileType = wrapper.cfbundle; includeInIndex = 0; path = nasaPODUITests.xctest; sourceTree = BUILT_PRODUCTS_DIR; };
		6864A4B91CF21D08003F4160 /* nasaPODUITests.swift */ = {isa = PBXFileReference; lastKnownFileType = sourcecode.swift; path = nasaPODUITests.swift; sourceTree = "<group>"; };
		6864A4BB1CF21D08003F4160 /* Info.plist */ = {isa = PBXFileReference; lastKnownFileType = text.plist.xml; path = Info.plist; sourceTree = "<group>"; };
		6864A4D21CF222E7003F4160 /* NetworkClient.swift */ = {isa = PBXFileReference; fileEncoding = 4; lastKnownFileType = sourcecode.swift; path = NetworkClient.swift; sourceTree = "<group>"; };
		6864A4D41CF22920003F4160 /* PhotoCollectionViewCell.swift */ = {isa = PBXFileReference; fileEncoding = 4; lastKnownFileType = sourcecode.swift; path = PhotoCollectionViewCell.swift; sourceTree = "<group>"; };
		6887E8E21CF4A6990020BDF9 /* Photo.swift */ = {isa = PBXFileReference; fileEncoding = 4; lastKnownFileType = sourcecode.swift; path = Photo.swift; sourceTree = "<group>"; };
		6887E8E41CF4AE8A0020BDF9 /* MyPlayground.playground */ = {isa = PBXFileReference; lastKnownFileType = file.playground; path = MyPlayground.playground; sourceTree = "<group>"; };
		689A7B5E1CF4CA3900DC8301 /* nasaApiRequest.swift */ = {isa = PBXFileReference; fileEncoding = 4; lastKnownFileType = sourcecode.swift; path = nasaApiRequest.swift; sourceTree = "<group>"; };
		689A7B601CF4CCB500DC8301 /* nasaAPI.plist */ = {isa = PBXFileReference; fileEncoding = 4; lastKnownFileType = text.plist.xml; path = nasaAPI.plist; sourceTree = "<group>"; };
		689A7B621CF5EF6C00DC8301 /* DetailViewController.swift */ = {isa = PBXFileReference; fileEncoding = 4; lastKnownFileType = sourcecode.swift; path = DetailViewController.swift; sourceTree = "<group>"; };
		689A7B641CF5FF8100DC8301 /* VideoCollectionViewCell.swift */ = {isa = PBXFileReference; fileEncoding = 4; lastKnownFileType = sourcecode.swift; path = VideoCollectionViewCell.swift; sourceTree = "<group>"; };
/* End PBXFileReference section */

/* Begin PBXFrameworksBuildPhase section */
		6864A4901CF21D08003F4160 /* Frameworks */ = {
			isa = PBXFrameworksBuildPhase;
			buildActionMask = 2147483647;
			files = (
			);
			runOnlyForDeploymentPostprocessing = 0;
		};
		6864A4A71CF21D08003F4160 /* Frameworks */ = {
			isa = PBXFrameworksBuildPhase;
			buildActionMask = 2147483647;
			files = (
			);
			runOnlyForDeploymentPostprocessing = 0;
		};
		6864A4B21CF21D08003F4160 /* Frameworks */ = {
			isa = PBXFrameworksBuildPhase;
			buildActionMask = 2147483647;
			files = (
			);
			runOnlyForDeploymentPostprocessing = 0;
		};
/* End PBXFrameworksBuildPhase section */

/* Begin PBXGroup section */
		6864A48A1CF21D08003F4160 = {
			isa = PBXGroup;
			children = (
				6864A4941CF21D08003F4160 /* Products */,
				6864A4951CF21D08003F4160 /* nasaPOD */,
				6864A4AD1CF21D08003F4160 /* nasaPODTests */,
				6864A4B81CF21D08003F4160 /* nasaPODUITests */,
			);
			sourceTree = "<group>";
		};
		6864A4941CF21D08003F4160 /* Products */ = {
			isa = PBXGroup;
			children = (
				6864A4931CF21D08003F4160 /* nasaPOD.app */,
				6864A4AA1CF21D08003F4160 /* nasaPODTests.xctest */,
				6864A4B51CF21D08003F4160 /* nasaPODUITests.xctest */,
			);
			name = Products;
			sourceTree = "<group>";
		};
		6864A4951CF21D08003F4160 /* nasaPOD */ = {
			isa = PBXGroup;
			children = (
				6864A4D11CF222D1003F4160 /* Service */,
				6864A4CA1CF21F74003F4160 /* controller */,
				6864A4CB1CF21F76003F4160 /* model */,
				6864A4CC1CF21F8F003F4160 /* support */,
				6864A4C91CF21F70003F4160 /* view */,
			);
			path = nasaPOD;
			sourceTree = "<group>";
		};
		6864A4AD1CF21D08003F4160 /* nasaPODTests */ = {
			isa = PBXGroup;
			children = (
				6864A4B01CF21D08003F4160 /* Info.plist */,
				6864A4AE1CF21D08003F4160 /* nasaPODTests.swift */,
			);
			path = nasaPODTests;
			sourceTree = "<group>";
		};
		6864A4B81CF21D08003F4160 /* nasaPODUITests */ = {
			isa = PBXGroup;
			children = (
				6864A4BB1CF21D08003F4160 /* Info.plist */,
				6864A4B91CF21D08003F4160 /* nasaPODUITests.swift */,
			);
			path = nasaPODUITests;
			sourceTree = "<group>";
		};
		6864A4C91CF21F70003F4160 /* view */ = {
			isa = PBXGroup;
			children = (
				6864A4A01CF21D08003F4160 /* Assets.xcassets */,
				6864A4A21CF21D08003F4160 /* LaunchScreen.storyboard */,
				6864A49A1CF21D08003F4160 /* Main.storyboard */,
				6864A4D41CF22920003F4160 /* PhotoCollectionViewCell.swift */,
				689A7B641CF5FF8100DC8301 /* VideoCollectionViewCell.swift */,
			);
			path = view;
			sourceTree = "<group>";
		};
		6864A4CA1CF21F74003F4160 /* controller */ = {
			isa = PBXGroup;
			children = (
				689A7B621CF5EF6C00DC8301 /* DetailViewController.swift */,
				6864A4981CF21D08003F4160 /* MasterViewController.swift */,
			);
			path = controller;
			sourceTree = "<group>";
		};
		6864A4CB1CF21F76003F4160 /* model */ = {
			isa = PBXGroup;
			children = (
				6887E8E41CF4AE8A0020BDF9 /* MyPlayground.playground */,
				6887E8E21CF4A6990020BDF9 /* Photo.swift */,
				689A7B5E1CF4CA3900DC8301 /* nasaApiRequest.swift */,
				6864A49D1CF21D08003F4160 /* nasaPOD.xcdatamodeld */,
			);
			path = model;
			sourceTree = "<group>";
		};
		6864A4CC1CF21F8F003F4160 /* support */ = {
			isa = PBXGroup;
			children = (
				6864A4961CF21D08003F4160 /* AppDelegate.swift */,
				6864A4A51CF21D08003F4160 /* Info.plist */,
				689A7B601CF4CCB500DC8301 /* nasaAPI.plist */,
			);
			path = support;
			sourceTree = "<group>";
		};
		6864A4D11CF222D1003F4160 /* Service */ = {
			isa = PBXGroup;
			children = (
				6864A4D21CF222E7003F4160 /* NetworkClient.swift */,
			);
			path = Service;
			sourceTree = "<group>";
		};
/* End PBXGroup section */

/* Begin PBXNativeTarget section */
		6864A4921CF21D08003F4160 /* nasaPOD */ = {
			isa = PBXNativeTarget;
			buildConfigurationList = 6864A4BE1CF21D08003F4160 /* Build configuration list for PBXNativeTarget "nasaPOD" */;
			buildPhases = (
				6864A48F1CF21D08003F4160 /* Sources */,
				6864A4901CF21D08003F4160 /* Frameworks */,
				6864A4911CF21D08003F4160 /* Resources */,
				689A7B5D1CF4B66900DC8301 /* ShellScript */,
			);
			buildRules = (
			);
			dependencies = (
			);
			name = nasaPOD;
			productName = nasaPOD;
			productReference = 6864A4931CF21D08003F4160 /* nasaPOD.app */;
			productType = "com.apple.product-type.application";
		};
		6864A4A91CF21D08003F4160 /* nasaPODTests */ = {
			isa = PBXNativeTarget;
			buildConfigurationList = 6864A4C11CF21D08003F4160 /* Build configuration list for PBXNativeTarget "nasaPODTests" */;
			buildPhases = (
				6864A4A61CF21D08003F4160 /* Sources */,
				6864A4A71CF21D08003F4160 /* Frameworks */,
				6864A4A81CF21D08003F4160 /* Resources */,
			);
			buildRules = (
			);
			dependencies = (
				6864A4AC1CF21D08003F4160 /* PBXTargetDependency */,
			);
			name = nasaPODTests;
			productName = nasaPODTests;
			productReference = 6864A4AA1CF21D08003F4160 /* nasaPODTests.xctest */;
			productType = "com.apple.product-type.bundle.unit-test";
		};
		6864A4B41CF21D08003F4160 /* nasaPODUITests */ = {
			isa = PBXNativeTarget;
			buildConfigurationList = 6864A4C41CF21D08003F4160 /* Build configuration list for PBXNativeTarget "nasaPODUITests" */;
			buildPhases = (
				6864A4B11CF21D08003F4160 /* Sources */,
				6864A4B21CF21D08003F4160 /* Frameworks */,
				6864A4B31CF21D08003F4160 /* Resources */,
			);
			buildRules = (
			);
			dependencies = (
				6864A4B71CF21D08003F4160 /* PBXTargetDependency */,
			);
			name = nasaPODUITests;
			productName = nasaPODUITests;
			productReference = 6864A4B51CF21D08003F4160 /* nasaPODUITests.xctest */;
			productType = "com.apple.product-type.bundle.ui-testing";
		};
/* End PBXNativeTarget section */

/* Begin PBXProject section */
		6864A48B1CF21D08003F4160 /* Project object */ = {
			isa = PBXProject;
			attributes = {
				KnownAssetTags = (
					"\U001b",
				);
				LastSwiftUpdateCheck = 0730;
				LastUpgradeCheck = 0730;
				ORGANIZATIONNAME = id;
				TargetAttributes = {
					6864A4921CF21D08003F4160 = {
						CreatedOnToolsVersion = 7.3.1;
						DevelopmentTeam = 66B8D6X2BX;
					};
					6864A4A91CF21D08003F4160 = {
						CreatedOnToolsVersion = 7.3.1;
						TestTargetID = 6864A4921CF21D08003F4160;
					};
					6864A4B41CF21D08003F4160 = {
						CreatedOnToolsVersion = 7.3.1;
						TestTargetID = 6864A4921CF21D08003F4160;
					};
				};
			};
			buildConfigurationList = 6864A48E1CF21D08003F4160 /* Build configuration list for PBXProject "nasaPOD" */;
			compatibilityVersion = "Xcode 3.2";
			developmentRegion = English;
			hasScannedForEncodings = 0;
			knownRegions = (
				en,
				Base,
			);
			mainGroup = 6864A48A1CF21D08003F4160;
			productRefGroup = 6864A4941CF21D08003F4160 /* Products */;
			projectDirPath = "";
			projectRoot = "";
			targets = (
				6864A4921CF21D08003F4160 /* nasaPOD */,
				6864A4A91CF21D08003F4160 /* nasaPODTests */,
				6864A4B41CF21D08003F4160 /* nasaPODUITests */,
			);
		};
/* End PBXProject section */

/* Begin PBXResourcesBuildPhase section */
		6864A4911CF21D08003F4160 /* Resources */ = {
			isa = PBXResourcesBuildPhase;
			buildActionMask = 2147483647;
			files = (
				6864A4A41CF21D08003F4160 /* LaunchScreen.storyboard in Resources */,
				6864A4A11CF21D08003F4160 /* Assets.xcassets in Resources */,
				689A7B611CF4CCB500DC8301 /* nasaAPI.plist in Resources */,
				6864A49C1CF21D08003F4160 /* Main.storyboard in Resources */,
			);
			runOnlyForDeploymentPostprocessing = 0;
		};
		6864A4A81CF21D08003F4160 /* Resources */ = {
			isa = PBXResourcesBuildPhase;
			buildActionMask = 2147483647;
			files = (
			);
			runOnlyForDeploymentPostprocessing = 0;
		};
		6864A4B31CF21D08003F4160 /* Resources */ = {
			isa = PBXResourcesBuildPhase;
			buildActionMask = 2147483647;
			files = (
			);
			runOnlyForDeploymentPostprocessing = 0;
		};
/* End PBXResourcesBuildPhase section */

/* Begin PBXShellScriptBuildPhase section */
		689A7B5D1CF4B66900DC8301 /* ShellScript */ = {
			isa = PBXShellScriptBuildPhase;
			buildActionMask = 2147483647;
			files = (
			);
			inputPaths = (
			);
			outputPaths = (
			);
			runOnlyForDeploymentPostprocessing = 0;
			shellPath = /bin/sh;
			shellScript = ./warnings.sh;
		};
/* End PBXShellScriptBuildPhase section */

/* Begin PBXSourcesBuildPhase section */
		6864A48F1CF21D08003F4160 /* Sources */ = {
			isa = PBXSourcesBuildPhase;
			buildActionMask = 2147483647;
			files = (
				689A7B651CF5FF8100DC8301 /* VideoCollectionViewCell.swift in Sources */,
				6887E8E31CF4A6990020BDF9 /* Photo.swift in Sources */,
				689A7B5F1CF4CA3900DC8301 /* nasaApiRequest.swift in Sources */,
				6864A4991CF21D08003F4160 /* MasterViewController.swift in Sources */,
				6864A4971CF21D08003F4160 /* AppDelegate.swift in Sources */,
				6864A49F1CF21D08003F4160 /* nasaPOD.xcdatamodeld in Sources */,
				6864A4D51CF22920003F4160 /* PhotoCollectionViewCell.swift in Sources */,
				6864A4D31CF222E7003F4160 /* NetworkClient.swift in Sources */,
				689A7B631CF5EF6C00DC8301 /* DetailViewController.swift in Sources */,
			);
			runOnlyForDeploymentPostprocessing = 0;
		};
		6864A4A61CF21D08003F4160 /* Sources */ = {
			isa = PBXSourcesBuildPhase;
			buildActionMask = 2147483647;
			files = (
				6864A4AF1CF21D08003F4160 /* nasaPODTests.swift in Sources */,
			);
			runOnlyForDeploymentPostprocessing = 0;
		};
		6864A4B11CF21D08003F4160 /* Sources */ = {
			isa = PBXSourcesBuildPhase;
			buildActionMask = 2147483647;
			files = (
				6864A4BA1CF21D08003F4160 /* nasaPODUITests.swift in Sources */,
			);
			runOnlyForDeploymentPostprocessing = 0;
		};
/* End PBXSourcesBuildPhase section */

/* Begin PBXTargetDependency section */
		6864A4AC1CF21D08003F4160 /* PBXTargetDependency */ = {
			isa = PBXTargetDependency;
			target = 6864A4921CF21D08003F4160 /* nasaPOD */;
			targetProxy = 6864A4AB1CF21D08003F4160 /* PBXContainerItemProxy */;
		};
		6864A4B71CF21D08003F4160 /* PBXTargetDependency */ = {
			isa = PBXTargetDependency;
			target = 6864A4921CF21D08003F4160 /* nasaPOD */;
			targetProxy = 6864A4B61CF21D08003F4160 /* PBXContainerItemProxy */;
		};
/* End PBXTargetDependency section */

/* Begin PBXVariantGroup section */
		6864A49A1CF21D08003F4160 /* Main.storyboard */ = {
			isa = PBXVariantGroup;
			children = (
				6864A49B1CF21D08003F4160 /* Base */,
			);
			name = Main.storyboard;
			path = .;
			sourceTree = "<group>";
		};
		6864A4A21CF21D08003F4160 /* LaunchScreen.storyboard */ = {
			isa = PBXVariantGroup;
			children = (
				6864A4A31CF21D08003F4160 /* Base */,
			);
			name = LaunchScreen.storyboard;
			path = .;
			sourceTree = "<group>";
		};
/* End PBXVariantGroup section */

/* Begin XCBuildConfiguration section */
		6864A4BC1CF21D08003F4160 /* Debug */ = {
			isa = XCBuildConfiguration;
			buildSettings = {
				ALWAYS_SEARCH_USER_PATHS = NO;
				CLANG_ANALYZER_NONNULL = YES;
				CLANG_CXX_LANGUAGE_STANDARD = "gnu++0x";
				CLANG_CXX_LIBRARY = "libc++";
				CLANG_ENABLE_MODULES = YES;
				CLANG_ENABLE_OBJC_ARC = YES;
				CLANG_WARN_BOOL_CONVERSION = YES;
				CLANG_WARN_CONSTANT_CONVERSION = YES;
				CLANG_WARN_DIRECT_OBJC_ISA_USAGE = YES_ERROR;
				CLANG_WARN_EMPTY_BODY = YES;
				CLANG_WARN_ENUM_CONVERSION = YES;
				CLANG_WARN_INT_CONVERSION = YES;
				CLANG_WARN_OBJC_ROOT_CLASS = YES_ERROR;
				CLANG_WARN_UNREACHABLE_CODE = YES;
				CLANG_WARN__DUPLICATE_METHOD_MATCH = YES;
				"CODE_SIGN_IDENTITY[sdk=iphoneos*]" = "iPhone Developer";
				COPY_PHASE_STRIP = NO;
				DEBUG_INFORMATION_FORMAT = dwarf;
				ENABLE_STRICT_OBJC_MSGSEND = YES;
				ENABLE_TESTABILITY = YES;
				GCC_C_LANGUAGE_STANDARD = gnu99;
				GCC_DYNAMIC_NO_PIC = NO;
				GCC_NO_COMMON_BLOCKS = YES;
				GCC_OPTIMIZATION_LEVEL = 0;
				GCC_PREPROCESSOR_DEFINITIONS = (
					"DEBUG=1",
					"$(inherited)",
				);
				GCC_WARN_64_TO_32_BIT_CONVERSION = YES;
				GCC_WARN_ABOUT_RETURN_TYPE = YES_ERROR;
				GCC_WARN_UNDECLARED_SELECTOR = YES;
				GCC_WARN_UNINITIALIZED_AUTOS = YES_AGGRESSIVE;
				GCC_WARN_UNUSED_FUNCTION = YES;
				GCC_WARN_UNUSED_VARIABLE = YES;
				IPHONEOS_DEPLOYMENT_TARGET = 9.3;
				MTL_ENABLE_DEBUG_INFO = YES;
				ONLY_ACTIVE_ARCH = YES;
				SDKROOT = iphoneos;
				SWIFT_OPTIMIZATION_LEVEL = "-Onone";
			};
			name = Debug;
		};
		6864A4BD1CF21D08003F4160 /* Release */ = {
			isa = XCBuildConfiguration;
			buildSettings = {
				ALWAYS_SEARCH_USER_PATHS = NO;
				CLANG_ANALYZER_NONNULL = YES;
				CLANG_CXX_LANGUAGE_STANDARD = "gnu++0x";
				CLANG_CXX_LIBRARY = "libc++";
				CLANG_ENABLE_MODULES = YES;
				CLANG_ENABLE_OBJC_ARC = YES;
				CLANG_WARN_BOOL_CONVERSION = YES;
				CLANG_WARN_CONSTANT_CONVERSION = YES;
				CLANG_WARN_DIRECT_OBJC_ISA_USAGE = YES_ERROR;
				CLANG_WARN_EMPTY_BODY = YES;
				CLANG_WARN_ENUM_CONVERSION = YES;
				CLANG_WARN_INT_CONVERSION = YES;
				CLANG_WARN_OBJC_ROOT_CLASS = YES_ERROR;
				CLANG_WARN_UNREACHABLE_CODE = YES;
				CLANG_WARN__DUPLICATE_METHOD_MATCH = YES;
				"CODE_SIGN_IDENTITY[sdk=iphoneos*]" = "iPhone Developer";
				COPY_PHASE_STRIP = NO;
				DEBUG_INFORMATION_FORMAT = "dwarf-with-dsym";
				ENABLE_NS_ASSERTIONS = NO;
				ENABLE_STRICT_OBJC_MSGSEND = YES;
				GCC_C_LANGUAGE_STANDARD = gnu99;
				GCC_NO_COMMON_BLOCKS = YES;
				GCC_WARN_64_TO_32_BIT_CONVERSION = YES;
				GCC_WARN_ABOUT_RETURN_TYPE = YES_ERROR;
				GCC_WARN_UNDECLARED_SELECTOR = YES;
				GCC_WARN_UNINITIALIZED_AUTOS = YES_AGGRESSIVE;
				GCC_WARN_UNUSED_FUNCTION = YES;
				GCC_WARN_UNUSED_VARIABLE = YES;
				IPHONEOS_DEPLOYMENT_TARGET = 9.3;
				MTL_ENABLE_DEBUG_INFO = NO;
				SDKROOT = iphoneos;
				VALIDATE_PRODUCT = YES;
			};
			name = Release;
		};
		6864A4BF1CF21D08003F4160 /* Debug */ = {
			isa = XCBuildConfiguration;
			buildSettings = {
				ASSETCATALOG_COMPILER_APPICON_NAME = AppIcon;
				CODE_SIGN_IDENTITY = "iPhone Developer";
				"CODE_SIGN_IDENTITY[sdk=iphoneos*]" = "iPhone Developer";
				INFOPLIST_FILE = nasaPOD/support/Info.plist;
				LD_RUNPATH_SEARCH_PATHS = "$(inherited) @executable_path/Frameworks";
				PRODUCT_BUNDLE_IDENTIFIER = com.idrisr.nasaPOD;
				PRODUCT_NAME = "$(TARGET_NAME)";
				PROVISIONING_PROFILE = "";
				TARGETED_DEVICE_FAMILY = "1,2";
			};
			name = Debug;
		};
		6864A4C01CF21D08003F4160 /* Release */ = {
			isa = XCBuildConfiguration;
			buildSettings = {
				ASSETCATALOG_COMPILER_APPICON_NAME = AppIcon;
				CODE_SIGN_IDENTITY = "iPhone Developer";
				"CODE_SIGN_IDENTITY[sdk=iphoneos*]" = "iPhone Developer";
				INFOPLIST_FILE = nasaPOD/support/Info.plist;
				LD_RUNPATH_SEARCH_PATHS = "$(inherited) @executable_path/Frameworks";
				PRODUCT_BUNDLE_IDENTIFIER = com.idrisr.nasaPOD;
				PRODUCT_NAME = "$(TARGET_NAME)";
				PROVISIONING_PROFILE = "";
				TARGETED_DEVICE_FAMILY = "1,2";
			};
			name = Release;
		};
		6864A4C21CF21D08003F4160 /* Debug */ = {
			isa = XCBuildConfiguration;
			buildSettings = {
				BUNDLE_LOADER = "$(TEST_HOST)";
				INFOPLIST_FILE = nasaPODTests/Info.plist;
				LD_RUNPATH_SEARCH_PATHS = "$(inherited) @executable_path/Frameworks @loader_path/Frameworks";
				PRODUCT_BUNDLE_IDENTIFIER = com.idrisr.nasaPODTests;
				PRODUCT_NAME = "$(TARGET_NAME)";
				TEST_HOST = "$(BUILT_PRODUCTS_DIR)/nasaPOD.app/nasaPOD";
			};
			name = Debug;
		};
		6864A4C31CF21D08003F4160 /* Release */ = {
			isa = XCBuildConfiguration;
			buildSettings = {
				BUNDLE_LOADER = "$(TEST_HOST)";
				INFOPLIST_FILE = nasaPODTests/Info.plist;
				LD_RUNPATH_SEARCH_PATHS = "$(inherited) @executable_path/Frameworks @loader_path/Frameworks";
				PRODUCT_BUNDLE_IDENTIFIER = com.idrisr.nasaPODTests;
				PRODUCT_NAME = "$(TARGET_NAME)";
				TEST_HOST = "$(BUILT_PRODUCTS_DIR)/nasaPOD.app/nasaPOD";
			};
			name = Release;
		};
		6864A4C51CF21D08003F4160 /* Debug */ = {
			isa = XCBuildConfiguration;
			buildSettings = {
				INFOPLIST_FILE = nasaPODUITests/Info.plist;
				LD_RUNPATH_SEARCH_PATHS = "$(inherited) @executable_path/Frameworks @loader_path/Frameworks";
				PRODUCT_BUNDLE_IDENTIFIER = com.idrisr.nasaPODUITests;
				PRODUCT_NAME = "$(TARGET_NAME)";
				TEST_TARGET_NAME = nasaPOD;
			};
			name = Debug;
		};
		6864A4C61CF21D08003F4160 /* Release */ = {
			isa = XCBuildConfiguration;
			buildSettings = {
				INFOPLIST_FILE = nasaPODUITests/Info.plist;
				LD_RUNPATH_SEARCH_PATHS = "$(inherited) @executable_path/Frameworks @loader_path/Frameworks";
				PRODUCT_BUNDLE_IDENTIFIER = com.idrisr.nasaPODUITests;
				PRODUCT_NAME = "$(TARGET_NAME)";
				TEST_TARGET_NAME = nasaPOD;
			};
			name = Release;
		};
/* End XCBuildConfiguration section */

/* Begin XCConfigurationList section */
		6864A48E1CF21D08003F4160 /* Build configuration list for PBXProject "nasaPOD" */ = {
			isa = XCConfigurationList;
			buildConfigurations = (
				6864A4BC1CF21D08003F4160 /* Debug */,
				6864A4BD1CF21D08003F4160 /* Release */,
			);
			defaultConfigurationIsVisible = 0;
			defaultConfigurationName = Release;
		};
		6864A4BE1CF21D08003F4160 /* Build configuration list for PBXNativeTarget "nasaPOD" */ = {
			isa = XCConfigurationList;
			buildConfigurations = (
				6864A4BF1CF21D08003F4160 /* Debug */,
				6864A4C01CF21D08003F4160 /* Release */,
			);
			defaultConfigurationIsVisible = 0;
			defaultConfigurationName = Release;
		};
		6864A4C11CF21D08003F4160 /* Build configuration list for PBXNativeTarget "nasaPODTests" */ = {
			isa = XCConfigurationList;
			buildConfigurations = (
				6864A4C21CF21D08003F4160 /* Debug */,
				6864A4C31CF21D08003F4160 /* Release */,
			);
			defaultConfigurationIsVisible = 0;
			defaultConfigurationName = Release;
		};
		6864A4C41CF21D08003F4160 /* Build configuration list for PBXNativeTarget "nasaPODUITests" */ = {
			isa = XCConfigurationList;
			buildConfigurations = (
				6864A4C51CF21D08003F4160 /* Debug */,
				6864A4C61CF21D08003F4160 /* Release */,
			);
			defaultConfigurationIsVisible = 0;
			defaultConfigurationName = Release;
		};
/* End XCConfigurationList section */

/* Begin XCVersionGroup section */
		6864A49D1CF21D08003F4160 /* nasaPOD.xcdatamodeld */ = {
			isa = XCVersionGroup;
			children = (
				6864A49E1CF21D08003F4160 /* nasaPOD.xcdatamodel */,
			);
			currentVersion = 6864A49E1CF21D08003F4160 /* nasaPOD.xcdatamodel */;
			path = nasaPOD.xcdatamodeld;
			sourceTree = "<group>";
			versionGroupType = wrapper.xcdatamodel;
		};
/* End XCVersionGroup section */
	};
	rootObject = 6864A48B1CF21D08003F4160 /* Project object */;
}
